
Microsoft Visual Studio Solution File, Format Version 12.00
# Visual Studio 15
VisualStudioVersion = 15.0.26730.12
MinimumVisualStudioVersion = 10.0.40219.1
Project("{FAE04EC0-301F-11D3-BF4B-00C04F79EFBC}") = "hello-world", "hello-world\hello-world.csproj", "{DE479D8B-7D4A-4ADE-A6B4-81F13B274026}"
EndProject
Global
	GlobalSection(SolutionConfigurationPlatforms) = preSolution
		Debug|Any CPU = Debug|Any CPU
		Release|Any CPU = Release|Any CPU
	EndGlobalSection
	GlobalSection(ProjectConfigurationPlatforms) = postSolution
		{DE479D8B-7D4A-4ADE-A6B4-81F13B274026}.Debug|Any CPU.ActiveCfg = Debug|Any CPU
		{DE479D8B-7D4A-4ADE-A6B4-81F13B274026}.Debug|Any CPU.Build.0 = Debug|Any CPU
		{DE479D8B-7D4A-4ADE-A6B4-81F13B274026}.Release|Any CPU.ActiveCfg = Release|Any CPU
		{DE479D8B-7D4A-4ADE-A6B4-81F13B274026}.Release|Any CPU.Build.0 = Release|Any CPU
	EndGlobalSection
	GlobalSection(SolutionProperties) = preSolution
		HideSolutionNode = FALSE
	EndGlobalSection
	GlobalSection(ExtensibilityGlobals) = postSolution
		SolutionGuid = {4F75D2F5-EF1C-412E-B865-86DA4CC74CF7}
	EndGlobalSection
EndGlobal
